
Microsoft Visual Studio Solution File, Format Version 12.00
# Visual Studio 15
VisualStudioVersion = 15.0.35714.111
MinimumVisualStudioVersion = 10.0.40219.1
Project("{FAE04EC0-301F-11D3-BF4B-00C04F79EFBC}") = "ExamAndQuizSystem", "ExamAndQuizSystem\ExamAndQuizSystem.csproj", "{C19592C4-DAA3-40EE-8415-0C86EBA0F303}"
EndProject
Project("{54435603-DBB4-11D2-8724-00A0C9A8B90C}") = "Setup2", "Setup2\Setup2.vdproj", "{910D806E-7831-40D9-8945-82690B3226E8}"
EndProject
Global
	GlobalSection(SolutionConfigurationPlatforms) = preSolution
		Debug|Any CPU = Debug|Any CPU
		Release|Any CPU = Release|Any CPU
	EndGlobalSection
	GlobalSection(ProjectConfigurationPlatforms) = postSolution
		{C19592C4-DAA3-40EE-8415-0C86EBA0F303}.Debug|Any CPU.ActiveCfg = Debug|Any CPU
		{C19592C4-DAA3-40EE-8415-0C86EBA0F303}.Debug|Any CPU.Build.0 = Debug|Any CPU
		{C19592C4-DAA3-40EE-8415-0C86EBA0F303}.Release|Any CPU.ActiveCfg = Release|Any CPU
		{C19592C4-DAA3-40EE-8415-0C86EBA0F303}.Release|Any CPU.Build.0 = Release|Any CPU
		{910D806E-7831-40D9-8945-82690B3226E8}.Debug|Any CPU.ActiveCfg = Debug
		{910D806E-7831-40D9-8945-82690B3226E8}.Release|Any CPU.ActiveCfg = Release
	EndGlobalSection
	GlobalSection(SolutionProperties) = preSolution
		HideSolutionNode = FALSE
	EndGlobalSection
	GlobalSection(ExtensibilityGlobals) = postSolution
		SolutionGuid = {1434A575-8DBC-46EE-AAB2-D76B6E4BAC6E}
	EndGlobalSection
EndGlobal
